
Microsoft Visual Studio Solution File, Format Version 12.00
# Visual Studio Version 17
VisualStudioVersion = 17.10.35013.160
MinimumVisualStudioVersion = 10.0.40219.1
Project("{FAE04EC0-301F-11D3-BF4B-00C04F79EFBC}") = "SVPP_CS_WPF_Lab8_Characteristics_houses(Db_V2_Entity_Framework)", "SVPP_CS_WPF_Lab8_Characteristics_houses(Db_V2_Entity_Framework).csproj", "{478790AD-16D2-4518-8305-DBEC1C340A2E}"
EndProject
Global
	GlobalSection(SolutionConfigurationPlatforms) = preSolution
		Debug|Any CPU = Debug|Any CPU
		Release|Any CPU = Release|Any CPU
	EndGlobalSection
	GlobalSection(ProjectConfigurationPlatforms) = postSolution
		{478790AD-16D2-4518-8305-DBEC1C340A2E}.Debug|Any CPU.ActiveCfg = Debug|Any CPU
		{478790AD-16D2-4518-8305-DBEC1C340A2E}.Debug|Any CPU.Build.0 = Debug|Any CPU
		{478790AD-16D2-4518-8305-DBEC1C340A2E}.Release|Any CPU.ActiveCfg = Release|Any CPU
		{478790AD-16D2-4518-8305-DBEC1C340A2E}.Release|Any CPU.Build.0 = Release|Any CPU
	EndGlobalSection
	GlobalSection(SolutionProperties) = preSolution
		HideSolutionNode = FALSE
	EndGlobalSection
	GlobalSection(ExtensibilityGlobals) = postSolution
		SolutionGuid = {221D029D-58A8-4C25-A5BE-87A256D81A28}
	EndGlobalSection
EndGlobal
